
Microsoft Visual Studio Solution File, Format Version 12.00
# Visual Studio Version 17
VisualStudioVersion = 17.5.33530.505
MinimumVisualStudioVersion = 10.0.40219.1
Project("{FAE04EC0-301F-11D3-BF4B-00C04F79EFBC}") = "FreelancingApp.WebApp", "FreelancingApp.WebApp\FreelancingApp.WebApp.csproj", "{2D84A4B2-1674-420E-8033-776B1D8F25DA}"
EndProject
Project("{FAE04EC0-301F-11D3-BF4B-00C04F79EFBC}") = "PhotoServices", "PhotoServices\PhotoServices.csproj", "{706358D4-61A9-47DE-8455-7A53C00406F6}"
EndProject
Project("{FAE04EC0-301F-11D3-BF4B-00C04F79EFBC}") = "FreelancingApp.Tests", "FreelancingApp.Tests\FreelancingApp.Tests.csproj", "{4D2D27AD-9078-46F0-A87A-2F59F069D0C0}"
EndProject
Global
	GlobalSection(SolutionConfigurationPlatforms) = preSolution
		Debug|Any CPU = Debug|Any CPU
		Release|Any CPU = Release|Any CPU
	EndGlobalSection
	GlobalSection(ProjectConfigurationPlatforms) = postSolution
		{2D84A4B2-1674-420E-8033-776B1D8F25DA}.Debug|Any CPU.ActiveCfg = Debug|Any CPU
		{2D84A4B2-1674-420E-8033-776B1D8F25DA}.Debug|Any CPU.Build.0 = Debug|Any CPU
		{2D84A4B2-1674-420E-8033-776B1D8F25DA}.Release|Any CPU.ActiveCfg = Release|Any CPU
		{2D84A4B2-1674-420E-8033-776B1D8F25DA}.Release|Any CPU.Build.0 = Release|Any CPU
		{706358D4-61A9-47DE-8455-7A53C00406F6}.Debug|Any CPU.ActiveCfg = Debug|Any CPU
		{706358D4-61A9-47DE-8455-7A53C00406F6}.Debug|Any CPU.Build.0 = Debug|Any CPU
		{706358D4-61A9-47DE-8455-7A53C00406F6}.Release|Any CPU.ActiveCfg = Release|Any CPU
		{706358D4-61A9-47DE-8455-7A53C00406F6}.Release|Any CPU.Build.0 = Release|Any CPU
		{4D2D27AD-9078-46F0-A87A-2F59F069D0C0}.Debug|Any CPU.ActiveCfg = Debug|Any CPU
		{4D2D27AD-9078-46F0-A87A-2F59F069D0C0}.Debug|Any CPU.Build.0 = Debug|Any CPU
		{4D2D27AD-9078-46F0-A87A-2F59F069D0C0}.Release|Any CPU.ActiveCfg = Release|Any CPU
		{4D2D27AD-9078-46F0-A87A-2F59F069D0C0}.Release|Any CPU.Build.0 = Release|Any CPU
	EndGlobalSection
	GlobalSection(SolutionProperties) = preSolution
		HideSolutionNode = FALSE
	EndGlobalSection
	GlobalSection(ExtensibilityGlobals) = postSolution
		SolutionGuid = {EAE9398B-7FDB-43FF-929E-295A9E7A1A16}
	EndGlobalSection
EndGlobal
